
Microsoft Visual Studio Solution File, Format Version 12.00
# Visual Studio Version 17
VisualStudioVersion = 17.0.31903.59
MinimumVisualStudioVersion = 10.0.40219.1
Project("{FAE04EC0-301F-11D3-BF4B-00C04F79EFBC}") = "API", "API\API.csproj", "{F72C61C3-38A3-459E-80C9-F3305E484DF2}"
EndProject
Project("{FAE04EC0-301F-11D3-BF4B-00C04F79EFBC}") = "Application", "Application\Application.csproj", "{8D62EF3C-3507-476C-B5ED-24C9822C3E58}"
EndProject
Project("{FAE04EC0-301F-11D3-BF4B-00C04F79EFBC}") = "Domain", "Domain\Domain.csproj", "{344464D7-8E0D-4C92-88F9-D1023404FF0F}"
EndProject
Project("{FAE04EC0-301F-11D3-BF4B-00C04F79EFBC}") = "Persistence", "Persistence\Persistence.csproj", "{4805BFEB-F83E-4A52-B555-2DC6D44DEA00}"
EndProject
Global
	GlobalSection(SolutionConfigurationPlatforms) = preSolution
		Debug|Any CPU = Debug|Any CPU
		Release|Any CPU = Release|Any CPU
	EndGlobalSection
	GlobalSection(SolutionProperties) = preSolution
		HideSolutionNode = FALSE
	EndGlobalSection
	GlobalSection(ProjectConfigurationPlatforms) = postSolution
		{F72C61C3-38A3-459E-80C9-F3305E484DF2}.Debug|Any CPU.ActiveCfg = Debug|Any CPU
		{F72C61C3-38A3-459E-80C9-F3305E484DF2}.Debug|Any CPU.Build.0 = Debug|Any CPU
		{F72C61C3-38A3-459E-80C9-F3305E484DF2}.Release|Any CPU.ActiveCfg = Release|Any CPU
		{F72C61C3-38A3-459E-80C9-F3305E484DF2}.Release|Any CPU.Build.0 = Release|Any CPU
		{8D62EF3C-3507-476C-B5ED-24C9822C3E58}.Debug|Any CPU.ActiveCfg = Debug|Any CPU
		{8D62EF3C-3507-476C-B5ED-24C9822C3E58}.Debug|Any CPU.Build.0 = Debug|Any CPU
		{8D62EF3C-3507-476C-B5ED-24C9822C3E58}.Release|Any CPU.ActiveCfg = Release|Any CPU
		{8D62EF3C-3507-476C-B5ED-24C9822C3E58}.Release|Any CPU.Build.0 = Release|Any CPU
		{344464D7-8E0D-4C92-88F9-D1023404FF0F}.Debug|Any CPU.ActiveCfg = Debug|Any CPU
		{344464D7-8E0D-4C92-88F9-D1023404FF0F}.Debug|Any CPU.Build.0 = Debug|Any CPU
		{344464D7-8E0D-4C92-88F9-D1023404FF0F}.Release|Any CPU.ActiveCfg = Release|Any CPU
		{344464D7-8E0D-4C92-88F9-D1023404FF0F}.Release|Any CPU.Build.0 = Release|Any CPU
		{4805BFEB-F83E-4A52-B555-2DC6D44DEA00}.Debug|Any CPU.ActiveCfg = Debug|Any CPU
		{4805BFEB-F83E-4A52-B555-2DC6D44DEA00}.Debug|Any CPU.Build.0 = Debug|Any CPU
		{4805BFEB-F83E-4A52-B555-2DC6D44DEA00}.Release|Any CPU.ActiveCfg = Release|Any CPU
		{4805BFEB-F83E-4A52-B555-2DC6D44DEA00}.Release|Any CPU.Build.0 = Release|Any CPU
	EndGlobalSection
EndGlobal
